version = 1
revision = 1
requires-python = ">=3.13"

[[package]]
name = "krpc"
version = "0.6.0"
source = { registry = "https://pypi.org/simple" }
dependencies = [
    { name = "protobuf" },
]
sdist = { url = "https://files.pythonhosted.org/packages/55/32/e86b7db8bcf5cfb9e92b6602d9e62299aa192ceb5a36d10cfa3c9de652fb/krpc-0.6.0.tar.gz", hash = "sha256:7e28c10be5ce1aa9e3bee008dc37e437d9384c28d2d08cb5de50bcd03ae31908", size = 189764 }

[[package]]
name = "ksp-gnc"
version = "0.1.0"
source = { virtual = "." }
dependencies = [
    { name = "krpc" },
    { name = "windows-curses" },
]

[package.metadata]
requires-dist = [
    { name = "krpc", specifier = ">=0.6.0" },
    { name = "windows-curses", specifier = ">=2.4.2" },
]

[[package]]
name = "protobuf"
version = "7.36.1"
source = { registry = "https://pypi.org/simple" }
sdist = { url = "https://files.pythonhosted.org/packages/86/73/f66c748df06e7fe24e658eddd600d19c4b40bad836c97ce2d0ad9851fb6b/protobuf-7.36.1.tar.gz", hash = "sha256:d0f6470f0ce2b84e3feaea2d4b816378b37ba4d4aa08a274305373de93e2d524", size = 512499 }
wheels = [
    { url = "https://files.pythonhosted.org/packages/f7/6c/3a54a58f2948b0f485df9ecdd06590f15d0a7abf46a89d50c3de709ff4ff/protobuf-7.36.1-cp310-abi3-macosx_10_9_universal2.whl", hash = "sha256:3cf2ee25d006cee57294a1196ea43b37feb78e0dcd1e8af5c1aeddb777655aca", size = 456046 },
    { url = "https://files.pythonhosted.org/packages/6e/08/9f9548793c771095245c0eeaf0c84b76b16a5ef26158043d456f551344a0/protobuf-7.36.1-cp310-abi3-manylinux2014_aarch64.whl", hash = "sha256:43d3d37b1eb24c113b9b7d02008cac44e423f00b611b7781ae998d7623972969", size = 344226 },
    { url = "https://files.pythonhosted.org/packages/fe/51/1bdbd612fa3c51e42ea6f45d05e84dc748ddcd2663e1aa1e89a00a33facd/protobuf-7.36.1-cp310-abi3-manylinux2014_s390x.whl", hash = "sha256:39c518c05586c016d7874ff6079ee115bcec1ea5fbb1d177fbf7867ef4c67e44", size = 357229 },
    { url = "https://files.pythonhosted.org/packages/22/df/c799fe7a05ef16ba853a59db01f3a2c5f7d0676469589ccc4874f76a2a88/protobuf-7.36.1-cp310-abi3-manylinux2014_x86_64.whl", hash = "sha256:97198b77e369a0abd8e262b8f6c7266c55ddb796a3a12c76d7b8881188ed83aa", size = 343228 },
    { url = "https://files.pythonhosted.org/packages/3d/33/d4724ec5d86d496fe4108e220618aa0837ad3423a7af7ccdd9684ccc77c8/protobuf-7.36.1-cp310-abi3-win32.whl", hash = "sha256:0b53ce95272aad50ad25d7ff03373743209822e8ba42ea7fad27d2bee1547d00", size = 443002 },
    { url = "https://files.pythonhosted.org/packages/db/37/155788a0d8daded960375af604202805308169f9b859419ea0aa370946e2/protobuf-7.36.1-cp310-abi3-win_amd64.whl", hash = "sha256:51139351435d9b43d88a55eaa49fb6f737fbb478fb0cbf2cf694d1a04a9d3363", size = 456518 },
    { url = "https://files.pythonhosted.org/packages/39/ca/c47f91d3cab175b01fd8c4f0d80fdf8613be876cc616e66ad281a59c5ddf/protobuf-7.36.1-py3-none-any.whl", hash = "sha256:7d951e46b3f963d6c264c367c437921de9d5aedd9c3f9612b9077736b4e3ad5c", size = 179813 },
]

[[package]]
name = "windows-curses"
version = "2.4.2"
source = { registry = "https://pypi.org/simple" }
wheels = [
    { url = "https://files.pythonhosted.org/packages/b1/54/195f2c4d0258ced34a401c8e3c9eefa2aa2221a9f0179ae64ad3cb039e64/windows_curses-2.4.2-cp313-cp313-win32.whl", hash = "sha256:248bf3f1d973e92ca193b1ea8a626ec7f81a66be6f6d6c5e31ff82056453678d", size = 71458 },
    { url = "https://files.pythonhosted.org/packages/47/e8/38fd0fef95271280a77a4f3b65e0961d3c39716388b39c08b3040bfb4f2c/windows_curses-2.4.2-cp313-cp313-win_amd64.whl", hash = "sha256:1bf3d0c902374b6c430a954adcb686a5ecd7a31fc4195d31136385b5c1bea925", size = 82200 },
    { url = "https://files.pythonhosted.org/packages/d2/22/f90c7d1d83464eb63345802f33e8de41bd732521d9a60a69ad985c8faa90/windows_curses-2.4.2-cp314-cp314-win32.whl", hash = "sha256:a970bf067b3126251423b4da051ef8c1c77acf6294ec96a7d6de7f6b9e5c27a0", size = 77028 },
    { url = "https://files.pythonhosted.org/packages/6f/6a/1f8754de746474a049a841e139b443b250a96908d6913ccf2db9a4303584/windows_curses-2.4.2-cp314-cp314-win_amd64.whl", hash = "sha256:6c22cb0310500dfbfe54c76354e37070e300d5473596d48ac4f9c65b2d578b6f", size = 86361 },
]
